
Microsoft Visual Studio Solution File, Format Version 12.00
# Visual Studio 15
VisualStudioVersion = 15.0.27703.2026
MinimumVisualStudioVersion = 10.0.40219.1
Project("{FAE04EC0-301F-11D3-BF4B-00C04F79EFBC}") = "POSeidon", "POSeidon\POSeidon.csproj", "{8F66FCB6-3D94-49F4-A0A8-DCBC8E28C9E7}"
EndProject
Global
	GlobalSection(SolutionConfigurationPlatforms) = preSolution
		Debug|Any CPU = Debug|Any CPU
		Release|Any CPU = Release|Any CPU
	EndGlobalSection
	GlobalSection(ProjectConfigurationPlatforms) = postSolution
		{8F66FCB6-3D94-49F4-A0A8-DCBC8E28C9E7}.Debug|Any CPU.ActiveCfg = Debug|Any CPU
		{8F66FCB6-3D94-49F4-A0A8-DCBC8E28C9E7}.Debug|Any CPU.Build.0 = Debug|Any CPU
		{8F66FCB6-3D94-49F4-A0A8-DCBC8E28C9E7}.Release|Any CPU.ActiveCfg = Release|Any CPU
		{8F66FCB6-3D94-49F4-A0A8-DCBC8E28C9E7}.Release|Any CPU.Build.0 = Release|Any CPU
	EndGlobalSection
	GlobalSection(SolutionProperties) = preSolution
		HideSolutionNode = FALSE
	EndGlobalSection
	GlobalSection(ExtensibilityGlobals) = postSolution
		SolutionGuid = {0D11C524-0EF1-4A16-AA59-8D08B9A6E030}
	EndGlobalSection
EndGlobal
